
Microsoft Visual Studio Solution File, Format Version 12.00
# Visual Studio Version 16
VisualStudioVersion = 16.0.31321.278
MinimumVisualStudioVersion = 10.0.40219.1
Project("{FAE04EC0-301F-11D3-BF4B-00C04F79EFBC}") = "MVC-Interview-C-Sharp", "MVC-Interview-C-Sharp\MVC-Interview-C-Sharp.csproj", "{AC0163BF-5D24-4994-8D52-255DD0E96257}"
EndProject
Global
	GlobalSection(SolutionConfigurationPlatforms) = preSolution
		Debug|Any CPU = Debug|Any CPU
		Release|Any CPU = Release|Any CPU
	EndGlobalSection
	GlobalSection(ProjectConfigurationPlatforms) = postSolution
		{AC0163BF-5D24-4994-8D52-255DD0E96257}.Debug|Any CPU.ActiveCfg = Debug|Any CPU
		{AC0163BF-5D24-4994-8D52-255DD0E96257}.Debug|Any CPU.Build.0 = Debug|Any CPU
		{AC0163BF-5D24-4994-8D52-255DD0E96257}.Release|Any CPU.ActiveCfg = Release|Any CPU
		{AC0163BF-5D24-4994-8D52-255DD0E96257}.Release|Any CPU.Build.0 = Release|Any CPU
	EndGlobalSection
	GlobalSection(SolutionProperties) = preSolution
		HideSolutionNode = FALSE
	EndGlobalSection
	GlobalSection(ExtensibilityGlobals) = postSolution
		SolutionGuid = {682649A3-8758-4FC6-94CE-28CAD057DA9A}
	EndGlobalSection
EndGlobal
